
Microsoft Visual Studio Solution File, Format Version 12.00
# Visual Studio Version 16
VisualStudioVersion = 16.0.29009.5
MinimumVisualStudioVersion = 10.0.40219.1
Project("{FAE04EC0-301F-11D3-BF4B-00C04F79EFBC}") = "WebApplication1", "WebApplication1.csproj", "{39E99782-5B9E-4AB6-94F2-DD7C60FB3B9E}"
EndProject
Global
	GlobalSection(SolutionConfigurationPlatforms) = preSolution
		Debug|Any CPU = Debug|Any CPU
		Release|Any CPU = Release|Any CPU
	EndGlobalSection
	GlobalSection(ProjectConfigurationPlatforms) = postSolution
		{39E99782-5B9E-4AB6-94F2-DD7C60FB3B9E}.Debug|Any CPU.ActiveCfg = Debug|Any CPU
		{39E99782-5B9E-4AB6-94F2-DD7C60FB3B9E}.Debug|Any CPU.Build.0 = Debug|Any CPU
		{39E99782-5B9E-4AB6-94F2-DD7C60FB3B9E}.Release|Any CPU.ActiveCfg = Release|Any CPU
		{39E99782-5B9E-4AB6-94F2-DD7C60FB3B9E}.Release|Any CPU.Build.0 = Release|Any CPU
	EndGlobalSection
	GlobalSection(SolutionProperties) = preSolution
		HideSolutionNode = FALSE
	EndGlobalSection
	GlobalSection(ExtensibilityGlobals) = postSolution
		SolutionGuid = {059F1FA3-BC14-4F84-8B2E-33AD9CDD7A62}
	EndGlobalSection
EndGlobal
